
Microsoft Visual Studio Solution File, Format Version 12.00
# Visual Studio 15
VisualStudioVersion = 15.0.27130.2024
MinimumVisualStudioVersion = 10.0.40219.1
Project("{2150E333-8FDC-42A3-9474-1A3956D46DE8}") = "Core", "Core", "{278C9D05-08B8-4597-8CBA-F357A2A14016}"
EndProject
Project("{2150E333-8FDC-42A3-9474-1A3956D46DE8}") = "infrastructure", "infrastructure", "{E9A5EBBD-5EAB-4689-82E8-C26B532CDD9E}"
EndProject
Project("{2150E333-8FDC-42A3-9474-1A3956D46DE8}") = "Prototype", "Prototype", "{867F3975-37EC-444D-9313-5CB1A9FE27D1}"
EndProject
Project("{FAE04EC0-301F-11D3-BF4B-00C04F79EFBC}") = "Minimap.Infrastructure", "Minimap.Infrastructure\Minimap.Infrastructure.csproj", "{B7965BC0-1F75-445A-978A-9D4804B90787}"
EndProject
Project("{FAE04EC0-301F-11D3-BF4B-00C04F79EFBC}") = "Minimap.Entity", "Minimap.Entity\Minimap.Entity.csproj", "{4061A2FA-D360-40CC-8B15-D87BC363D634}"
EndProject
Global
	GlobalSection(SolutionConfigurationPlatforms) = preSolution
		Debug|Any CPU = Debug|Any CPU
		Release|Any CPU = Release|Any CPU
	EndGlobalSection
	GlobalSection(ProjectConfigurationPlatforms) = postSolution
		{B7965BC0-1F75-445A-978A-9D4804B90787}.Debug|Any CPU.ActiveCfg = Debug|Any CPU
		{B7965BC0-1F75-445A-978A-9D4804B90787}.Debug|Any CPU.Build.0 = Debug|Any CPU
		{B7965BC0-1F75-445A-978A-9D4804B90787}.Release|Any CPU.ActiveCfg = Release|Any CPU
		{B7965BC0-1F75-445A-978A-9D4804B90787}.Release|Any CPU.Build.0 = Release|Any CPU
		{4061A2FA-D360-40CC-8B15-D87BC363D634}.Debug|Any CPU.ActiveCfg = Debug|Any CPU
		{4061A2FA-D360-40CC-8B15-D87BC363D634}.Debug|Any CPU.Build.0 = Debug|Any CPU
		{4061A2FA-D360-40CC-8B15-D87BC363D634}.Release|Any CPU.ActiveCfg = Release|Any CPU
		{4061A2FA-D360-40CC-8B15-D87BC363D634}.Release|Any CPU.Build.0 = Release|Any CPU
	EndGlobalSection
	GlobalSection(SolutionProperties) = preSolution
		HideSolutionNode = FALSE
	EndGlobalSection
	GlobalSection(NestedProjects) = preSolution
		{B7965BC0-1F75-445A-978A-9D4804B90787} = {E9A5EBBD-5EAB-4689-82E8-C26B532CDD9E}
		{4061A2FA-D360-40CC-8B15-D87BC363D634} = {278C9D05-08B8-4597-8CBA-F357A2A14016}
	EndGlobalSection
	GlobalSection(ExtensibilityGlobals) = postSolution
		SolutionGuid = {06B2E777-4A64-4A74-A93C-E498F2E0C6A6}
	EndGlobalSection
EndGlobal
